
Microsoft Visual Studio Solution File, Format Version 12.00
# Visual Studio Version 16
VisualStudioVersion = 16.0.31129.286
MinimumVisualStudioVersion = 10.0.40219.1
Project("{FAE04EC0-301F-11D3-BF4B-00C04F79EFBC}") = "WebApplication", "WebApplication\WebApplication.csproj", "{BE05DE49-585D-42C7-AD57-3E3075FA099D}"
EndProject
Global
	GlobalSection(SolutionConfigurationPlatforms) = preSolution
		Debug|Any CPU = Debug|Any CPU
		Release|Any CPU = Release|Any CPU
	EndGlobalSection
	GlobalSection(ProjectConfigurationPlatforms) = postSolution
		{BE05DE49-585D-42C7-AD57-3E3075FA099D}.Debug|Any CPU.ActiveCfg = Debug|Any CPU
		{BE05DE49-585D-42C7-AD57-3E3075FA099D}.Debug|Any CPU.Build.0 = Debug|Any CPU
		{BE05DE49-585D-42C7-AD57-3E3075FA099D}.Release|Any CPU.ActiveCfg = Release|Any CPU
		{BE05DE49-585D-42C7-AD57-3E3075FA099D}.Release|Any CPU.Build.0 = Release|Any CPU
	EndGlobalSection
	GlobalSection(SolutionProperties) = preSolution
		HideSolutionNode = FALSE
	EndGlobalSection
	GlobalSection(ExtensibilityGlobals) = postSolution
		SolutionGuid = {23821595-1BA3-4499-A018-F16B599E95A2}
	EndGlobalSection
EndGlobal
